
Microsoft Visual Studio Solution File, Format Version 12.00
Project("{FAE04EC0-301F-11D3-BF4B-00C04F79EFBC}") = "Iface.Oik.CommonCalc", "src\Iface.Oik.CommonCalc.csproj", "{A30790CE-AAAA-4A13-BB5B-5C4E04E0EADB}"
EndProject
Global
	GlobalSection(SolutionConfigurationPlatforms) = preSolution
		Debug|Any CPU = Debug|Any CPU
		Release|Any CPU = Release|Any CPU
	EndGlobalSection
	GlobalSection(ProjectConfigurationPlatforms) = postSolution
		{A30790CE-AAAA-4A13-BB5B-5C4E04E0EADB}.Debug|Any CPU.ActiveCfg = Debug|Any CPU
		{A30790CE-AAAA-4A13-BB5B-5C4E04E0EADB}.Debug|Any CPU.Build.0 = Debug|Any CPU
		{A30790CE-AAAA-4A13-BB5B-5C4E04E0EADB}.Release|Any CPU.ActiveCfg = Release|Any CPU
		{A30790CE-AAAA-4A13-BB5B-5C4E04E0EADB}.Release|Any CPU.Build.0 = Release|Any CPU
	EndGlobalSection
EndGlobal
